
Microsoft Visual Studio Solution File, Format Version 12.00
# Visual Studio Version 17
VisualStudioVersion = 17.11.35327.3
MinimumVisualStudioVersion = 10.0.40219.1
Project("{9A19103F-16F7-4668-BE54-9A1E7A4F7556}") = "Auradent", "Auradent\Auradent.csproj", "{7FE4D80B-C3A2-49A3-BC58-5BEB76E96789}"
EndProject
Project("{9A19103F-16F7-4668-BE54-9A1E7A4F7556}") = "Auradent.core", "Auradent.core\Auradent.core.csproj", "{BF4CDA87-F5AB-468B-BDB7-7C2F290C7C1D}"
EndProject
Project("{9A19103F-16F7-4668-BE54-9A1E7A4F7556}") = "Auradent.Data", "Auradent.Data\Auradent.Data.csproj", "{3A112411-5E1A-467C-A17C-EB0092AED06B}"
EndProject
Global
	GlobalSection(SolutionConfigurationPlatforms) = preSolution
		Debug|Any CPU = Debug|Any CPU
		Release|Any CPU = Release|Any CPU
	EndGlobalSection
	GlobalSection(ProjectConfigurationPlatforms) = postSolution
		{7FE4D80B-C3A2-49A3-BC58-5BEB76E96789}.Debug|Any CPU.ActiveCfg = Debug|Any CPU
		{7FE4D80B-C3A2-49A3-BC58-5BEB76E96789}.Debug|Any CPU.Build.0 = Debug|Any CPU
		{7FE4D80B-C3A2-49A3-BC58-5BEB76E96789}.Release|Any CPU.ActiveCfg = Release|Any CPU
		{7FE4D80B-C3A2-49A3-BC58-5BEB76E96789}.Release|Any CPU.Build.0 = Release|Any CPU
		{BF4CDA87-F5AB-468B-BDB7-7C2F290C7C1D}.Debug|Any CPU.ActiveCfg = Debug|Any CPU
		{BF4CDA87-F5AB-468B-BDB7-7C2F290C7C1D}.Debug|Any CPU.Build.0 = Debug|Any CPU
		{BF4CDA87-F5AB-468B-BDB7-7C2F290C7C1D}.Release|Any CPU.ActiveCfg = Release|Any CPU
		{BF4CDA87-F5AB-468B-BDB7-7C2F290C7C1D}.Release|Any CPU.Build.0 = Release|Any CPU
		{3A112411-5E1A-467C-A17C-EB0092AED06B}.Debug|Any CPU.ActiveCfg = Debug|Any CPU
		{3A112411-5E1A-467C-A17C-EB0092AED06B}.Debug|Any CPU.Build.0 = Debug|Any CPU
		{3A112411-5E1A-467C-A17C-EB0092AED06B}.Release|Any CPU.ActiveCfg = Release|Any CPU
		{3A112411-5E1A-467C-A17C-EB0092AED06B}.Release|Any CPU.Build.0 = Release|Any CPU
	EndGlobalSection
	GlobalSection(SolutionProperties) = preSolution
		HideSolutionNode = FALSE
	EndGlobalSection
	GlobalSection(ExtensibilityGlobals) = postSolution
		SolutionGuid = {D5739E90-5C8F-4D00-AF47-00A6A738F13C}
	EndGlobalSection
EndGlobal
